
Microsoft Visual Studio Solution File, Format Version 12.00
# Visual Studio Version 16
VisualStudioVersion = 16.0.29009.5
MinimumVisualStudioVersion = 10.0.40219.1
Project("{FAE04EC0-301F-11D3-BF4B-00C04F79EFBC}") = "BullshitApi", "BullshitApi\BullshitApi.csproj", "{0A798A51-3699-499D-850B-E404109C20A2}"
EndProject
Global
	GlobalSection(SolutionConfigurationPlatforms) = preSolution
		Debug|Any CPU = Debug|Any CPU
		Release|Any CPU = Release|Any CPU
	EndGlobalSection
	GlobalSection(ProjectConfigurationPlatforms) = postSolution
		{0A798A51-3699-499D-850B-E404109C20A2}.Debug|Any CPU.ActiveCfg = Debug|Any CPU
		{0A798A51-3699-499D-850B-E404109C20A2}.Debug|Any CPU.Build.0 = Debug|Any CPU
		{0A798A51-3699-499D-850B-E404109C20A2}.Release|Any CPU.ActiveCfg = Release|Any CPU
		{0A798A51-3699-499D-850B-E404109C20A2}.Release|Any CPU.Build.0 = Release|Any CPU
	EndGlobalSection
	GlobalSection(SolutionProperties) = preSolution
		HideSolutionNode = FALSE
	EndGlobalSection
	GlobalSection(ExtensibilityGlobals) = postSolution
		SolutionGuid = {D07DCCB4-CE33-42A5-9919-1A43BF9C29EB}
	EndGlobalSection
EndGlobal
